// !$*UTF8*$!
{
	archiveVersion = 1;
	classes = {
	};
	objectVersion = 50;
	objects = {

/* Begin PBXBuildFile section */
		7F2A325A273FEC0C008ADA36 /* BackgroundThreadBootcamp.swift in Sources */ = {isa = PBXBuildFile; fileRef = 7F2A3259273FEC0C008ADA36 /* BackgroundThreadBootcamp.swift */; };
		7F2A325F273FFB43008ADA36 /* WeakSelfbootcamp.swift in Sources */ = {isa = PBXBuildFile; fileRef = 7F2A325E273FFB43008ADA36 /* WeakSelfbootcamp.swift */; };
		7F47A62D2734D41E00B6292D /* LongPressGestureBootcamp.swift in Sources */ = {isa = PBXBuildFile; fileRef = 7F47A62C2734D41E00B6292D /* LongPressGestureBootcamp.swift */; };
		7F47A6302734DE9A00B6292D /* MagnificationgestureBootcamp.swift in Sources */ = {isa = PBXBuildFile; fileRef = 7F47A62F2734DE9A00B6292D /* MagnificationgestureBootcamp.swift */; };
		7F47A6332734E84A00B6292D /* RotationGestureBootcamp.swift in Sources */ = {isa = PBXBuildFile; fileRef = 7F47A6322734E84A00B6292D /* RotationGestureBootcamp.swift */; };
		7F47A6382734EAC100B6292D /* DragGestureBootcamp.swift in Sources */ = {isa = PBXBuildFile; fileRef = 7F47A6372734EAC100B6292D /* DragGestureBootcamp.swift */; };
		7F47A63B2735513600B6292D /* DragGestureBootcamp2.swift in Sources */ = {isa = PBXBuildFile; fileRef = 7F47A63A2735513600B6292D /* DragGestureBootcamp2.swift */; };
		7F47A63E2735640A00B6292D /* ScrollViewReaderBootcamp.swift in Sources */ = {isa = PBXBuildFile; fileRef = 7F47A63D2735640A00B6292D /* ScrollViewReaderBootcamp.swift */; };
		7F47A64127359F3600B6292D /* GeometryReaderBootcamp.swift in Sources */ = {isa = PBXBuildFile; fileRef = 7F47A64027359F3600B6292D /* GeometryReaderBootcamp.swift */; };
		7F663023273613F900A87EA0 /* MultipleSheetsBootcamp.swift in Sources */ = {isa = PBXBuildFile; fileRef = 7F663022273613F900A87EA0 /* MultipleSheetsBootcamp.swift */; };
		7F663026273667C500A87EA0 /* MaskBootcamp.swift in Sources */ = {isa = PBXBuildFile; fileRef = 7F663025273667C500A87EA0 /* MaskBootcamp.swift */; };
		7F663029273670B100A87EA0 /* SoundsBootcamp.swift in Sources */ = {isa = PBXBuildFile; fileRef = 7F663028273670B100A87EA0 /* SoundsBootcamp.swift */; };
		7F66302D2736751E00A87EA0 /* tada.mp3 in Resources */ = {isa = PBXBuildFile; fileRef = 7F66302C2736751D00A87EA0 /* tada.mp3 */; };
		7F6630302736752600A87EA0 /* badum.mp3 in Resources */ = {isa = PBXBuildFile; fileRef = 7F66302F2736752600A87EA0 /* badum.mp3 */; };
		7F6630332736958A00A87EA0 /* HapticsBootcamp.swift in Sources */ = {isa = PBXBuildFile; fileRef = 7F6630322736958A00A87EA0 /* HapticsBootcamp.swift */; };
		7F66303627369FAD00A87EA0 /* LocalNotificationBootcamp.swift in Sources */ = {isa = PBXBuildFile; fileRef = 7F66303527369FAD00A87EA0 /* LocalNotificationBootcamp.swift */; };
		7F79DD6D273A5C1100C07DCB /* CoreDataContainer.xcdatamodeld in Sources */ = {isa = PBXBuildFile; fileRef = 7F79DD6B273A5C1100C07DCB /* CoreDataContainer.xcdatamodeld */; };
		7F979D592730511900B60E03 /* SwiftUI_Evolve_2App.swift in Sources */ = {isa = PBXBuildFile; fileRef = 7F979D582730511900B60E03 /* SwiftUI_Evolve_2App.swift */; };
		7F979D5B2730511900B60E03 /* ContentView.swift in Sources */ = {isa = PBXBuildFile; fileRef = 7F979D5A2730511900B60E03 /* ContentView.swift */; };
		7F979D5D2730511A00B60E03 /* Assets.xcassets in Resources */ = {isa = PBXBuildFile; fileRef = 7F979D5C2730511A00B60E03 /* Assets.xcassets */; };
		7F979D602730511A00B60E03 /* Preview Assets.xcassets in Resources */ = {isa = PBXBuildFile; fileRef = 7F979D5F2730511A00B60E03 /* Preview Assets.xcassets */; };
		7FB0CC972736C27D00629F09 /* HashableBootcamp.swift in Sources */ = {isa = PBXBuildFile; fileRef = 7FB0CC962736C27D00629F09 /* HashableBootcamp.swift */; };
		7FB0CC9A2736CA8000629F09 /* ArraysBootcamp.swift in Sources */ = {isa = PBXBuildFile; fileRef = 7FB0CC992736CA8000629F09 /* ArraysBootcamp.swift */; };
		7FE0A1B62740D1E500453F72 /* TypealiasBootcamp.swift in Sources */ = {isa = PBXBuildFile; fileRef = 7FE0A1B52740D1E500453F72 /* TypealiasBootcamp.swift */; };
		7FF3B315273980AD0014CFD0 /* CoreDataBootcamp.swift in Sources */ = {isa = PBXBuildFile; fileRef = 7FF3B314273980AD0014CFD0 /* CoreDataBootcamp.swift */; };
		7FF3B319273983A90014CFD0 /* FruitsContainer.xcdatamodeld in Sources */ = {isa = PBXBuildFile; fileRef = 7FF3B317273983A90014CFD0 /* FruitsContainer.xcdatamodeld */; };
		7FF3B31C273997620014CFD0 /* CoreDataRelationshipsBootcamp.swift in Sources */ = {isa = PBXBuildFile; fileRef = 7FF3B31B273997620014CFD0 /* CoreDataRelationshipsBootcamp.swift */; };
/* End PBXBuildFile section */

/* Begin PBXFileReference section */
		7F2A3259273FEC0C008ADA36 /* BackgroundThreadBootcamp.swift */ = {isa = PBXFileReference; lastKnownFileType = sourcecode.swift; path = BackgroundThreadBootcamp.swift; sourceTree = "<group>"; };
		7F2A325E273FFB43008ADA36 /* WeakSelfbootcamp.swift */ = {isa = PBXFileReference; lastKnownFileType = sourcecode.swift; path = WeakSelfbootcamp.swift; sourceTree = "<group>"; };
		7F47A62C2734D41E00B6292D /* LongPressGestureBootcamp.swift */ = {isa = PBXFileReference; lastKnownFileType = sourcecode.swift; path = LongPressGestureBootcamp.swift; sourceTree = "<group>"; };
		7F47A62F2734DE9A00B6292D /* MagnificationgestureBootcamp.swift */ = {isa = PBXFileReference; lastKnownFileType = sourcecode.swift; path = MagnificationgestureBootcamp.swift; sourceTree = "<group>"; };
		7F47A6322734E84A00B6292D /* RotationGestureBootcamp.swift */ = {isa = PBXFileReference; lastKnownFileType = sourcecode.swift; path = RotationGestureBootcamp.swift; sourceTree = "<group>"; };
		7F47A6372734EAC100B6292D /* DragGestureBootcamp.swift */ = {isa = PBXFileReference; lastKnownFileType = sourcecode.swift; path = DragGestureBootcamp.swift; sourceTree = "<group>"; };
		7F47A63A2735513600B6292D /* DragGestureBootcamp2.swift */ = {isa = PBXFileReference; lastKnownFileType = sourcecode.swift; path = DragGestureBootcamp2.swift; sourceTree = "<group>"; };
		7F47A63D2735640A00B6292D /* ScrollViewReaderBootcamp.swift */ = {isa = PBXFileReference; lastKnownFileType = sourcecode.swift; path = ScrollViewReaderBootcamp.swift; sourceTree = "<group>"; };
		7F47A64027359F3600B6292D /* GeometryReaderBootcamp.swift */ = {isa = PBXFileReference; lastKnownFileType = sourcecode.swift; path = GeometryReaderBootcamp.swift; sourceTree = "<group>"; };
		7F663022273613F900A87EA0 /* MultipleSheetsBootcamp.swift */ = {isa = PBXFileReference; lastKnownFileType = sourcecode.swift; path = MultipleSheetsBootcamp.swift; sourceTree = "<group>"; };
		7F663025273667C500A87EA0 /* MaskBootcamp.swift */ = {isa = PBXFileReference; lastKnownFileType = sourcecode.swift; path = MaskBootcamp.swift; sourceTree = "<group>"; };
		7F663028273670B100A87EA0 /* SoundsBootcamp.swift */ = {isa = PBXFileReference; lastKnownFileType = sourcecode.swift; path = SoundsBootcamp.swift; sourceTree = "<group>"; };
		7F66302C2736751D00A87EA0 /* tada.mp3 */ = {isa = PBXFileReference; lastKnownFileType = audio.mp3; path = tada.mp3; sourceTree = "<group>"; };
		7F66302F2736752600A87EA0 /* badum.mp3 */ = {isa = PBXFileReference; lastKnownFileType = audio.mp3; path = badum.mp3; sourceTree = "<group>"; };
		7F6630322736958A00A87EA0 /* HapticsBootcamp.swift */ = {isa = PBXFileReference; lastKnownFileType = sourcecode.swift; path = HapticsBootcamp.swift; sourceTree = "<group>"; };
		7F66303527369FAD00A87EA0 /* LocalNotificationBootcamp.swift */ = {isa = PBXFileReference; lastKnownFileType = sourcecode.swift; path = LocalNotificationBootcamp.swift; sourceTree = "<group>"; };
		7F79DD6C273A5C1100C07DCB /* CoreDataContainer.xcdatamodel */ = {isa = PBXFileReference; lastKnownFileType = wrapper.xcdatamodel; path = CoreDataContainer.xcdatamodel; sourceTree = "<group>"; };
		7F979D552730511900B60E03 /* SwiftUI_Evolve_2.app */ = {isa = PBXFileReference; explicitFileType = wrapper.application; includeInIndex = 0; path = SwiftUI_Evolve_2.app; sourceTree = BUILT_PRODUCTS_DIR; };
		7F979D582730511900B60E03 /* SwiftUI_Evolve_2App.swift */ = {isa = PBXFileReference; lastKnownFileType = sourcecode.swift; path = SwiftUI_Evolve_2App.swift; sourceTree = "<group>"; };
		7F979D5A2730511900B60E03 /* ContentView.swift */ = {isa = PBXFileReference; lastKnownFileType = sourcecode.swift; path = ContentView.swift; sourceTree = "<group>"; };
		7F979D5C2730511A00B60E03 /* Assets.xcassets */ = {isa = PBXFileReference; lastKnownFileType = folder.assetcatalog; path = Assets.xcassets; sourceTree = "<group>"; };
		7F979D5F2730511A00B60E03 /* Preview Assets.xcassets */ = {isa = PBXFileReference; lastKnownFileType = folder.assetcatalog; path = "Preview Assets.xcassets"; sourceTree = "<group>"; };
		7F979D612730511A00B60E03 /* Info.plist */ = {isa = PBXFileReference; lastKnownFileType = text.plist.xml; path = Info.plist; sourceTree = "<group>"; };
		7FB0CC962736C27D00629F09 /* HashableBootcamp.swift */ = {isa = PBXFileReference; lastKnownFileType = sourcecode.swift; path = HashableBootcamp.swift; sourceTree = "<group>"; };
		7FB0CC992736CA8000629F09 /* ArraysBootcamp.swift */ = {isa = PBXFileReference; lastKnownFileType = sourcecode.swift; path = ArraysBootcamp.swift; sourceTree = "<group>"; };
		7FE0A1B52740D1E500453F72 /* TypealiasBootcamp.swift */ = {isa = PBXFileReference; lastKnownFileType = sourcecode.swift; path = TypealiasBootcamp.swift; sourceTree = "<group>"; };
		7FF3B314273980AD0014CFD0 /* CoreDataBootcamp.swift */ = {isa = PBXFileReference; lastKnownFileType = sourcecode.swift; path = CoreDataBootcamp.swift; sourceTree = "<group>"; };
		7FF3B318273983A90014CFD0 /* FruitsContainer.xcdatamodel */ = {isa = PBXFileReference; lastKnownFileType = wrapper.xcdatamodel; path = FruitsContainer.xcdatamodel; sourceTree = "<group>"; };
		7FF3B31B273997620014CFD0 /* CoreDataRelationshipsBootcamp.swift */ = {isa = PBXFileReference; lastKnownFileType = sourcecode.swift; path = CoreDataRelationshipsBootcamp.swift; sourceTree = "<group>"; };
/* End PBXFileReference section */

/* Begin PBXFrameworksBuildPhase section */
		7F979D522730511900B60E03 /* Frameworks */ = {
			isa = PBXFrameworksBuildPhase;
			buildActionMask = 2147483647;
			files = (
			);
			runOnlyForDeploymentPostprocessing = 0;
		};
/* End PBXFrameworksBuildPhase section */

/* Begin PBXGroup section */
		7F66302B2736750B00A87EA0 /* Sounds */ = {
			isa = PBXGroup;
			children = (
				7F66302F2736752600A87EA0 /* badum.mp3 */,
				7F66302C2736751D00A87EA0 /* tada.mp3 */,
			);
			path = Sounds;
			sourceTree = "<group>";
		};
		7F979D4C2730511900B60E03 = {
			isa = PBXGroup;
			children = (
				7F979D572730511900B60E03 /* SwiftUI_Evolve_2 */,
				7F979D562730511900B60E03 /* Products */,
			);
			sourceTree = "<group>";
		};
		7F979D562730511900B60E03 /* Products */ = {
			isa = PBXGroup;
			children = (
				7F979D552730511900B60E03 /* SwiftUI_Evolve_2.app */,
			);
			name = Products;
			sourceTree = "<group>";
		};
		7F979D572730511900B60E03 /* SwiftUI_Evolve_2 */ = {
			isa = PBXGroup;
			children = (
				7F979D582730511900B60E03 /* SwiftUI_Evolve_2App.swift */,
				7F979D5A2730511900B60E03 /* ContentView.swift */,
				7F47A62C2734D41E00B6292D /* LongPressGestureBootcamp.swift */,
				7F47A62F2734DE9A00B6292D /* MagnificationgestureBootcamp.swift */,
				7F47A6322734E84A00B6292D /* RotationGestureBootcamp.swift */,
				7F47A6372734EAC100B6292D /* DragGestureBootcamp.swift */,
				7F47A63A2735513600B6292D /* DragGestureBootcamp2.swift */,
				7F47A63D2735640A00B6292D /* ScrollViewReaderBootcamp.swift */,
				7F47A64027359F3600B6292D /* GeometryReaderBootcamp.swift */,
				7F663022273613F900A87EA0 /* MultipleSheetsBootcamp.swift */,
				7F663025273667C500A87EA0 /* MaskBootcamp.swift */,
				7F663028273670B100A87EA0 /* SoundsBootcamp.swift */,
				7F6630322736958A00A87EA0 /* HapticsBootcamp.swift */,
				7F66303527369FAD00A87EA0 /* LocalNotificationBootcamp.swift */,
				7FB0CC962736C27D00629F09 /* HashableBootcamp.swift */,
				7FB0CC992736CA8000629F09 /* ArraysBootcamp.swift */,
				7FF3B314273980AD0014CFD0 /* CoreDataBootcamp.swift */,
				7FF3B31B273997620014CFD0 /* CoreDataRelationshipsBootcamp.swift */,
				7F2A3259273FEC0C008ADA36 /* BackgroundThreadBootcamp.swift */,
				7F2A325E273FFB43008ADA36 /* WeakSelfbootcamp.swift */,
				7FE0A1B52740D1E500453F72 /* TypealiasBootcamp.swift */,
				7F79DD6B273A5C1100C07DCB /* CoreDataContainer.xcdatamodeld */,
				7FF3B317273983A90014CFD0 /* FruitsContainer.xcdatamodeld */,
				7F66302B2736750B00A87EA0 /* Sounds */,
				7F979D5C2730511A00B60E03 /* Assets.xcassets */,
				7F979D612730511A00B60E03 /* Info.plist */,
				7F979D5E2730511A00B60E03 /* Preview Content */,
			);
			path = SwiftUI_Evolve_2;
			sourceTree = "<group>";
		};
		7F979D5E2730511A00B60E03 /* Preview Content */ = {
			isa = PBXGroup;
			children = (
				7F979D5F2730511A00B60E03 /* Preview Assets.xcassets */,
			);
			path = "Preview Content";
			sourceTree = "<group>";
		};
/* End PBXGroup section */

/* Begin PBXNativeTarget section */
		7F979D542730511900B60E03 /* SwiftUI_Evolve_2 */ = {
			isa = PBXNativeTarget;
			buildConfigurationList = 7F979D642730511A00B60E03 /* Build configuration list for PBXNativeTarget "SwiftUI_Evolve_2" */;
			buildPhases = (
				7F979D512730511900B60E03 /* Sources */,
				7F979D522730511900B60E03 /* Frameworks */,
				7F979D532730511900B60E03 /* Resources */,
			);
			buildRules = (
			);
			dependencies = (
			);
			name = SwiftUI_Evolve_2;
			productName = SwiftUI_Evolve_2;
			productReference = 7F979D552730511900B60E03 /* SwiftUI_Evolve_2.app */;
			productType = "com.apple.product-type.application";
		};
/* End PBXNativeTarget section */

/* Begin PBXProject section */
		7F979D4D2730511900B60E03 /* Project object */ = {
			isa = PBXProject;
			attributes = {
				LastSwiftUpdateCheck = 1240;
				LastUpgradeCheck = 1240;
				TargetAttributes = {
					7F979D542730511900B60E03 = {
						CreatedOnToolsVersion = 12.4;
					};
				};
			};
			buildConfigurationList = 7F979D502730511900B60E03 /* Build configuration list for PBXProject "SwiftUI_Evolve_2" */;
			compatibilityVersion = "Xcode 9.3";
			developmentRegion = en;
			hasScannedForEncodings = 0;
			knownRegions = (
				en,
				Base,
			);
			mainGroup = 7F979D4C2730511900B60E03;
			productRefGroup = 7F979D562730511900B60E03 /* Products */;
			projectDirPath = "";
			projectRoot = "";
			targets = (
				7F979D542730511900B60E03 /* SwiftUI_Evolve_2 */,
			);
		};
/* End PBXProject section */

/* Begin PBXResourcesBuildPhase section */
		7F979D532730511900B60E03 /* Resources */ = {
			isa = PBXResourcesBuildPhase;
			buildActionMask = 2147483647;
			files = (
				7F6630302736752600A87EA0 /* badum.mp3 in Resources */,
				7F979D602730511A00B60E03 /* Preview Assets.xcassets in Resources */,
				7F979D5D2730511A00B60E03 /* Assets.xcassets in Resources */,
				7F66302D2736751E00A87EA0 /* tada.mp3 in Resources */,
			);
			runOnlyForDeploymentPostprocessing = 0;
		};
/* End PBXResourcesBuildPhase section */

/* Begin PBXSourcesBuildPhase section */
		7F979D512730511900B60E03 /* Sources */ = {
			isa = PBXSourcesBuildPhase;
			buildActionMask = 2147483647;
			files = (
				7FF3B319273983A90014CFD0 /* FruitsContainer.xcdatamodeld in Sources */,
				7FB0CC972736C27D00629F09 /* HashableBootcamp.swift in Sources */,
				7F663029273670B100A87EA0 /* SoundsBootcamp.swift in Sources */,
				7F47A63B2735513600B6292D /* DragGestureBootcamp2.swift in Sources */,
				7FF3B315273980AD0014CFD0 /* CoreDataBootcamp.swift in Sources */,
				7F2A325A273FEC0C008ADA36 /* BackgroundThreadBootcamp.swift in Sources */,
				7F663026273667C500A87EA0 /* MaskBootcamp.swift in Sources */,
				7F66303627369FAD00A87EA0 /* LocalNotificationBootcamp.swift in Sources */,
				7F2A325F273FFB43008ADA36 /* WeakSelfbootcamp.swift in Sources */,
				7F47A6382734EAC100B6292D /* DragGestureBootcamp.swift in Sources */,
				7F79DD6D273A5C1100C07DCB /* CoreDataContainer.xcdatamodeld in Sources */,
				7FB0CC9A2736CA8000629F09 /* ArraysBootcamp.swift in Sources */,
				7F979D5B2730511900B60E03 /* ContentView.swift in Sources */,
				7FE0A1B62740D1E500453F72 /* TypealiasBootcamp.swift in Sources */,
				7F47A63E2735640A00B6292D /* ScrollViewReaderBootcamp.swift in Sources */,
				7F663023273613F900A87EA0 /* MultipleSheetsBootcamp.swift in Sources */,
				7F47A6302734DE9A00B6292D /* MagnificationgestureBootcamp.swift in Sources */,
				7F979D592730511900B60E03 /* SwiftUI_Evolve_2App.swift in Sources */,
				7F47A64127359F3600B6292D /* GeometryReaderBootcamp.swift in Sources */,
				7F6630332736958A00A87EA0 /* HapticsBootcamp.swift in Sources */,
				7FF3B31C273997620014CFD0 /* CoreDataRelationshipsBootcamp.swift in Sources */,
				7F47A6332734E84A00B6292D /* RotationGestureBootcamp.swift in Sources */,
				7F47A62D2734D41E00B6292D /* LongPressGestureBootcamp.swift in Sources */,
			);
			runOnlyForDeploymentPostprocessing = 0;
		};
/* End PBXSourcesBuildPhase section */

/* Begin XCBuildConfiguration section */
		7F979D622730511A00B60E03 /* Debug */ = {
			isa = XCBuildConfiguration;
			buildSettings = {
				ALWAYS_SEARCH_USER_PATHS = NO;
				CLANG_ANALYZER_NONNULL = YES;
				CLANG_ANALYZER_NUMBER_OBJECT_CONVERSION = YES_AGGRESSIVE;
				CLANG_CXX_LANGUAGE_STANDARD = "gnu++14";
				CLANG_CXX_LIBRARY = "libc++";
				CLANG_ENABLE_MODULES = YES;
				CLANG_ENABLE_OBJC_ARC = YES;
				CLANG_ENABLE_OBJC_WEAK = YES;
				CLANG_WARN_BLOCK_CAPTURE_AUTORELEASING = YES;
				CLANG_WARN_BOOL_CONVERSION = YES;
				CLANG_WARN_COMMA = YES;
				CLANG_WARN_CONSTANT_CONVERSION = YES;
				CLANG_WARN_DEPRECATED_OBJC_IMPLEMENTATIONS = YES;
				CLANG_WARN_DIRECT_OBJC_ISA_USAGE = YES_ERROR;
				CLANG_WARN_DOCUMENTATION_COMMENTS = YES;
				CLANG_WARN_EMPTY_BODY = YES;
				CLANG_WARN_ENUM_CONVERSION = YES;
				CLANG_WARN_INFINITE_RECURSION = YES;
				CLANG_WARN_INT_CONVERSION = YES;
				CLANG_WARN_NON_LITERAL_NULL_CONVERSION = YES;
				CLANG_WARN_OBJC_IMPLICIT_RETAIN_SELF = YES;
				CLANG_WARN_OBJC_LITERAL_CONVERSION = YES;
				CLANG_WARN_OBJC_ROOT_CLASS = YES_ERROR;
				CLANG_WARN_QUOTED_INCLUDE_IN_FRAMEWORK_HEADER = YES;
				CLANG_WARN_RANGE_LOOP_ANALYSIS = YES;
				CLANG_WARN_STRICT_PROTOTYPES = YES;
				CLANG_WARN_SUSPICIOUS_MOVE = YES;
				CLANG_WARN_UNGUARDED_AVAILABILITY = YES_AGGRESSIVE;
				CLANG_WARN_UNREACHABLE_CODE = YES;
				CLANG_WARN__DUPLICATE_METHOD_MATCH = YES;
				COPY_PHASE_STRIP = NO;
				DEBUG_INFORMATION_FORMAT = dwarf;
				ENABLE_STRICT_OBJC_MSGSEND = YES;
				ENABLE_TESTABILITY = YES;
				GCC_C_LANGUAGE_STANDARD = gnu11;
				GCC_DYNAMIC_NO_PIC = NO;
				GCC_NO_COMMON_BLOCKS = YES;
				GCC_OPTIMIZATION_LEVEL = 0;
				GCC_PREPROCESSOR_DEFINITIONS = (
					"DEBUG=1",
					"$(inherited)",
				);
				GCC_WARN_64_TO_32_BIT_CONVERSION = YES;
				GCC_WARN_ABOUT_RETURN_TYPE = YES_ERROR;
				GCC_WARN_UNDECLARED_SELECTOR = YES;
				GCC_WARN_UNINITIALIZED_AUTOS = YES_AGGRESSIVE;
				GCC_WARN_UNUSED_FUNCTION = YES;
				GCC_WARN_UNUSED_VARIABLE = YES;
				IPHONEOS_DEPLOYMENT_TARGET = 14.4;
				MTL_ENABLE_DEBUG_INFO = INCLUDE_SOURCE;
				MTL_FAST_MATH = YES;
				ONLY_ACTIVE_ARCH = YES;
				SDKROOT = iphoneos;
				SWIFT_ACTIVE_COMPILATION_CONDITIONS = DEBUG;
				SWIFT_OPTIMIZATION_LEVEL = "-Onone";
			};
			name = Debug;
		};
		7F979D632730511A00B60E03 /* Release */ = {
			isa = XCBuildConfiguration;
			buildSettings = {
				ALWAYS_SEARCH_USER_PATHS = NO;
				CLANG_ANALYZER_NONNULL = YES;
				CLANG_ANALYZER_NUMBER_OBJECT_CONVERSION = YES_AGGRESSIVE;
				CLANG_CXX_LANGUAGE_STANDARD = "gnu++14";
				CLANG_CXX_LIBRARY = "libc++";
				CLANG_ENABLE_MODULES = YES;
				CLANG_ENABLE_OBJC_ARC = YES;
				CLANG_ENABLE_OBJC_WEAK = YES;
				CLANG_WARN_BLOCK_CAPTURE_AUTORELEASING = YES;
				CLANG_WARN_BOOL_CONVERSION = YES;
				CLANG_WARN_COMMA = YES;
				CLANG_WARN_CONSTANT_CONVERSION = YES;
				CLANG_WARN_DEPRECATED_OBJC_IMPLEMENTATIONS = YES;
				CLANG_WARN_DIRECT_OBJC_ISA_USAGE = YES_ERROR;
				CLANG_WARN_DOCUMENTATION_COMMENTS = YES;
				CLANG_WARN_EMPTY_BODY = YES;
				CLANG_WARN_ENUM_CONVERSION = YES;
				CLANG_WARN_INFINITE_RECURSION = YES;
				CLANG_WARN_INT_CONVERSION = YES;
				CLANG_WARN_NON_LITERAL_NULL_CONVERSION = YES;
				CLANG_WARN_OBJC_IMPLICIT_RETAIN_SELF = YES;
				CLANG_WARN_OBJC_LITERAL_CONVERSION = YES;
				CLANG_WARN_OBJC_ROOT_CLASS = YES_ERROR;
				CLANG_WARN_QUOTED_INCLUDE_IN_FRAMEWORK_HEADER = YES;
				CLANG_WARN_RANGE_LOOP_ANALYSIS = YES;
				CLANG_WARN_STRICT_PROTOTYPES = YES;
				CLANG_WARN_SUSPICIOUS_MOVE = YES;
				CLANG_WARN_UNGUARDED_AVAILABILITY = YES_AGGRESSIVE;
				CLANG_WARN_UNREACHABLE_CODE = YES;
				CLANG_WARN__DUPLICATE_METHOD_MATCH = YES;
				COPY_PHASE_STRIP = NO;
				DEBUG_INFORMATION_FORMAT = "dwarf-with-dsym";
				ENABLE_NS_ASSERTIONS = NO;
				ENABLE_STRICT_OBJC_MSGSEND = YES;
				GCC_C_LANGUAGE_STANDARD = gnu11;
				GCC_NO_COMMON_BLOCKS = YES;
				GCC_WARN_64_TO_32_BIT_CONVERSION = YES;
				GCC_WARN_ABOUT_RETURN_TYPE = YES_ERROR;
				GCC_WARN_UNDECLARED_SELECTOR = YES;
				GCC_WARN_UNINITIALIZED_AUTOS = YES_AGGRESSIVE;
				GCC_WARN_UNUSED_FUNCTION = YES;
				GCC_WARN_UNUSED_VARIABLE = YES;
				IPHONEOS_DEPLOYMENT_TARGET = 14.4;
				MTL_ENABLE_DEBUG_INFO = NO;
				MTL_FAST_MATH = YES;
				SDKROOT = iphoneos;
				SWIFT_COMPILATION_MODE = wholemodule;
				SWIFT_OPTIMIZATION_LEVEL = "-O";
				VALIDATE_PRODUCT = YES;
			};
			name = Release;
		};
		7F979D652730511A00B60E03 /* Debug */ = {
			isa = XCBuildConfiguration;
			buildSettings = {
				ASSETCATALOG_COMPILER_APPICON_NAME = AppIcon;
				ASSETCATALOG_COMPILER_GLOBAL_ACCENT_COLOR_NAME = AccentColor;
				CODE_SIGN_STYLE = Automatic;
				DEVELOPMENT_ASSET_PATHS = "\"SwiftUI_Evolve_2/Preview Content\"";
				ENABLE_PREVIEWS = YES;
				INFOPLIST_FILE = SwiftUI_Evolve_2/Info.plist;
				IPHONEOS_DEPLOYMENT_TARGET = 14.0;
				LD_RUNPATH_SEARCH_PATHS = (
					"$(inherited)",
					"@executable_path/Frameworks",
				);
				PRODUCT_BUNDLE_IDENTIFIER = "com.org.SwiftUI-Evolve-2";
				PRODUCT_NAME = "$(TARGET_NAME)";
				SWIFT_VERSION = 5.0;
				TARGETED_DEVICE_FAMILY = "1,2";
			};
			name = Debug;
		};
		7F979D662730511A00B60E03 /* Release */ = {
			isa = XCBuildConfiguration;
			buildSettings = {
				ASSETCATALOG_COMPILER_APPICON_NAME = AppIcon;
				ASSETCATALOG_COMPILER_GLOBAL_ACCENT_COLOR_NAME = AccentColor;
				CODE_SIGN_STYLE = Automatic;
				DEVELOPMENT_ASSET_PATHS = "\"SwiftUI_Evolve_2/Preview Content\"";
				ENABLE_PREVIEWS = YES;
				INFOPLIST_FILE = SwiftUI_Evolve_2/Info.plist;
				IPHONEOS_DEPLOYMENT_TARGET = 14.0;
				LD_RUNPATH_SEARCH_PATHS = (
					"$(inherited)",
					"@executable_path/Frameworks",
				);
				PRODUCT_BUNDLE_IDENTIFIER = "com.org.SwiftUI-Evolve-2";
				PRODUCT_NAME = "$(TARGET_NAME)";
				SWIFT_VERSION = 5.0;
				TARGETED_DEVICE_FAMILY = "1,2";
			};
			name = Release;
		};
/* End XCBuildConfiguration section */

/* Begin XCConfigurationList section */
		7F979D502730511900B60E03 /* Build configuration list for PBXProject "SwiftUI_Evolve_2" */ = {
			isa = XCConfigurationList;
			buildConfigurations = (
				7F979D622730511A00B60E03 /* Debug */,
				7F979D632730511A00B60E03 /* Release */,
			);
			defaultConfigurationIsVisible = 0;
			defaultConfigurationName = Release;
		};
		7F979D642730511A00B60E03 /* Build configuration list for PBXNativeTarget "SwiftUI_Evolve_2" */ = {
			isa = XCConfigurationList;
			buildConfigurations = (
				7F979D652730511A00B60E03 /* Debug */,
				7F979D662730511A00B60E03 /* Release */,
			);
			defaultConfigurationIsVisible = 0;
			defaultConfigurationName = Release;
		};
/* End XCConfigurationList section */

/* Begin XCVersionGroup section */
		7F79DD6B273A5C1100C07DCB /* CoreDataContainer.xcdatamodeld */ = {
			isa = XCVersionGroup;
			children = (
				7F79DD6C273A5C1100C07DCB /* CoreDataContainer.xcdatamodel */,
			);
			currentVersion = 7F79DD6C273A5C1100C07DCB /* CoreDataContainer.xcdatamodel */;
			path = CoreDataContainer.xcdatamodeld;
			sourceTree = "<group>";
			versionGroupType = wrapper.xcdatamodel;
		};
		7FF3B317273983A90014CFD0 /* FruitsContainer.xcdatamodeld */ = {
			isa = XCVersionGroup;
			children = (
				7FF3B318273983A90014CFD0 /* FruitsContainer.xcdatamodel */,
			);
			currentVersion = 7FF3B318273983A90014CFD0 /* FruitsContainer.xcdatamodel */;
			path = FruitsContainer.xcdatamodeld;
			sourceTree = "<group>";
			versionGroupType = wrapper.xcdatamodel;
		};
/* End XCVersionGroup section */
	};
	rootObject = 7F979D4D2730511900B60E03 /* Project object */;
}
